PODS:
  - DynamicWaveCollectionView (0.1.1)

DEPENDENCIES:
  - DynamicWaveCollectionView (from `../`)

EXTERNAL SOURCES:
  DynamicWaveCollectionView:
    :path: ../

SPEC CHECKSUMS:
  DynamicWaveCollectionView: f7c95c1da4e6064b72f912c0e20f2c190e4a30d4

PODFILE CHECKSUM: 3618ea7542384a9e5541046328856e090a9cd2e2

COCOAPODS: 1.0.1
