PODS:
  - DynamicWaveCollectionView (0.1.0)

DEPENDENCIES:
  - DynamicWaveCollectionView (from `../`)

EXTERNAL SOURCES:
  DynamicWaveCollectionView:
    :path: ../

SPEC CHECKSUMS:
  DynamicWaveCollectionView: 03e121ded584561096c49305c13a94bc2dadbb8a

PODFILE CHECKSUM: 3618ea7542384a9e5541046328856e090a9cd2e2

COCOAPODS: 1.0.1
