PODS:
  - DynamicWaveCollectionView (0.9.1)

DEPENDENCIES:
  - DynamicWaveCollectionView (from `../`)

EXTERNAL SOURCES:
  DynamicWaveCollectionView:
    :path: ../

SPEC CHECKSUMS:
  DynamicWaveCollectionView: fa400575761aeb04d6054adad4df6dba72f17b62

PODFILE CHECKSUM: 3618ea7542384a9e5541046328856e090a9cd2e2

COCOAPODS: 1.0.1
